
Microsoft Visual Studio Solution File, Format Version 12.00
# Visual Studio 15
VisualStudioVersion = 15.0.27703.2000
MinimumVisualStudioVersion = 10.0.40219.1
Project("{FAE04EC0-301F-11D3-BF4B-00C04F79EFBC}") = "ByteBank", "ByteBank\ByteBank.csproj", "{E67EBBD9-038D-4176-B441-CD1E9C96FA7F}"
EndProject
Project("{2150E333-8FDC-42A3-9474-1A3956D46DE8}") = "01", "01", "{527EDA04-175D-4328-A088-9ADF39B2515B}"
EndProject
Project("{2150E333-8FDC-42A3-9474-1A3956D46DE8}") = "MaoNaMassa", "MaoNaMassa", "{D22B2E4D-108A-4259-A192-490DBAA587B3}"
EndProject
Project("{FAE04EC0-301F-11D3-BF4B-00C04F79EFBC}") = "MaoNaMassa", "MaoNaMassa\MaoNaMassa.csproj", "{6A11DD45-E2C8-42DD-9528-CE78CBE83242}"
EndProject
Project("{2150E333-8FDC-42A3-9474-1A3956D46DE8}") = "02", "02", "{B816B74B-BD95-487E-9417-CA54C65C1AE0}"
EndProject
Project("{FAE04EC0-301F-11D3-BF4B-00C04F79EFBC}") = "ConsoleApp2", "ConsoleApp2\ConsoleApp2.csproj", "{48760F51-AB82-4ECB-A79B-6D36BC36C2CA}"
EndProject
Project("{2150E333-8FDC-42A3-9474-1A3956D46DE8}") = "MaoNaMassa", "MaoNaMassa", "{EE1AA16D-D332-4C93-AC6D-748434335E75}"
EndProject
Project("{FAE04EC0-301F-11D3-BF4B-00C04F79EFBC}") = "MaoNaMassa2", "MaoNaMassa2\MaoNaMassa2.csproj", "{45101100-C167-4605-902F-7BD40DED903F}"
EndProject
Project("{2150E333-8FDC-42A3-9474-1A3956D46DE8}") = "03", "03", "{0140E914-8A0C-409F-8E88-BD5CA8E7C759}"
EndProject
Project("{FAE04EC0-301F-11D3-BF4B-00C04F79EFBC}") = "ConsoleApp3", "ConsoleApp3\ConsoleApp3.csproj", "{044FF275-2A67-4DBB-B8B1-85D0E82BEA60}"
EndProject
Project("{2150E333-8FDC-42A3-9474-1A3956D46DE8}") = "MaoNaMassa", "MaoNaMassa", "{8F230659-B5A5-48AE-8665-3DF8F9A3D090}"
EndProject
Project("{FAE04EC0-301F-11D3-BF4B-00C04F79EFBC}") = "MaoNaMassa3", "MaoNaMassa3\MaoNaMassa3.csproj", "{2FCA5601-3F41-49B4-B953-CB91DFF85B1C}"
EndProject
Project("{2150E333-8FDC-42A3-9474-1A3956D46DE8}") = "04", "04", "{2F6A153E-438E-4077-A92F-2AA7A6F07A32}"
EndProject
Project("{FAE04EC0-301F-11D3-BF4B-00C04F79EFBC}") = "ConsoleApp4", "ConsoleApp4\ConsoleApp4.csproj", "{6E7B8BB3-8DF5-4387-9AFC-9B0DEB34BA6D}"
EndProject
Project("{2150E333-8FDC-42A3-9474-1A3956D46DE8}") = "MaoNaMassa", "MaoNaMassa", "{2C9A8F95-3780-470B-9356-3AE2A599E9BC}"
EndProject
Project("{FAE04EC0-301F-11D3-BF4B-00C04F79EFBC}") = "MaoNaMassa4", "MaoNaMassa4\MaoNaMassa4.csproj", "{45C3D4F2-1E33-472D-B0FC-9C0E80553F9D}"
EndProject
Project("{2150E333-8FDC-42A3-9474-1A3956D46DE8}") = "05", "05", "{5E8E7BEE-CC05-4FFD-A569-0103DA85FB9C}"
EndProject
Project("{FAE04EC0-301F-11D3-BF4B-00C04F79EFBC}") = "ConsoleApp5", "ConsoleApp5\ConsoleApp5.csproj", "{6683397A-6735-434B-9844-CF8DA0D02B8E}"
EndProject
Project("{2150E333-8FDC-42A3-9474-1A3956D46DE8}") = "MaoNaMassa5", "MaoNaMassa5", "{BD542683-102D-4883-BDD1-0E153F012464}"
EndProject
Project("{FAE04EC0-301F-11D3-BF4B-00C04F79EFBC}") = "MaoNaMassa5", "MaoNaMassa5\MaoNaMassa5.csproj", "{82D1C446-1E8C-4B41-9D74-36EB99F9D1D6}"
EndProject
Global
	GlobalSection(SolutionConfigurationPlatforms) = preSolution
		Debug|Any CPU = Debug|Any CPU
		Release|Any CPU = Release|Any CPU
	EndGlobalSection
	GlobalSection(ProjectConfigurationPlatforms) = postSolution
		{E67EBBD9-038D-4176-B441-CD1E9C96FA7F}.Debug|Any CPU.ActiveCfg = Debug|Any CPU
		{E67EBBD9-038D-4176-B441-CD1E9C96FA7F}.Debug|Any CPU.Build.0 = Debug|Any CPU
		{E67EBBD9-038D-4176-B441-CD1E9C96FA7F}.Release|Any CPU.ActiveCfg = Release|Any CPU
		{E67EBBD9-038D-4176-B441-CD1E9C96FA7F}.Release|Any CPU.Build.0 = Release|Any CPU
		{6A11DD45-E2C8-42DD-9528-CE78CBE83242}.Debug|Any CPU.ActiveCfg = Debug|Any CPU
		{6A11DD45-E2C8-42DD-9528-CE78CBE83242}.Debug|Any CPU.Build.0 = Debug|Any CPU
		{6A11DD45-E2C8-42DD-9528-CE78CBE83242}.Release|Any CPU.ActiveCfg = Release|Any CPU
		{6A11DD45-E2C8-42DD-9528-CE78CBE83242}.Release|Any CPU.Build.0 = Release|Any CPU
		{48760F51-AB82-4ECB-A79B-6D36BC36C2CA}.Debug|Any CPU.ActiveCfg = Debug|Any CPU
		{48760F51-AB82-4ECB-A79B-6D36BC36C2CA}.Debug|Any CPU.Build.0 = Debug|Any CPU
		{48760F51-AB82-4ECB-A79B-6D36BC36C2CA}.Release|Any CPU.ActiveCfg = Release|Any CPU
		{48760F51-AB82-4ECB-A79B-6D36BC36C2CA}.Release|Any CPU.Build.0 = Release|Any CPU
		{45101100-C167-4605-902F-7BD40DED903F}.Debug|Any CPU.ActiveCfg = Debug|Any CPU
		{45101100-C167-4605-902F-7BD40DED903F}.Debug|Any CPU.Build.0 = Debug|Any CPU
		{45101100-C167-4605-902F-7BD40DED903F}.Release|Any CPU.ActiveCfg = Release|Any CPU
		{45101100-C167-4605-902F-7BD40DED903F}.Release|Any CPU.Build.0 = Release|Any CPU
		{044FF275-2A67-4DBB-B8B1-85D0E82BEA60}.Debug|Any CPU.ActiveCfg = Debug|Any CPU
		{044FF275-2A67-4DBB-B8B1-85D0E82BEA60}.Debug|Any CPU.Build.0 = Debug|Any CPU
		{044FF275-2A67-4DBB-B8B1-85D0E82BEA60}.Release|Any CPU.ActiveCfg = Release|Any CPU
		{044FF275-2A67-4DBB-B8B1-85D0E82BEA60}.Release|Any CPU.Build.0 = Release|Any CPU
		{2FCA5601-3F41-49B4-B953-CB91DFF85B1C}.Debug|Any CPU.ActiveCfg = Debug|Any CPU
		{2FCA5601-3F41-49B4-B953-CB91DFF85B1C}.Debug|Any CPU.Build.0 = Debug|Any CPU
		{2FCA5601-3F41-49B4-B953-CB91DFF85B1C}.Release|Any CPU.ActiveCfg = Release|Any CPU
		{2FCA5601-3F41-49B4-B953-CB91DFF85B1C}.Release|Any CPU.Build.0 = Release|Any CPU
		{6E7B8BB3-8DF5-4387-9AFC-9B0DEB34BA6D}.Debug|Any CPU.ActiveCfg = Debug|Any CPU
		{6E7B8BB3-8DF5-4387-9AFC-9B0DEB34BA6D}.Debug|Any CPU.Build.0 = Debug|Any CPU
		{6E7B8BB3-8DF5-4387-9AFC-9B0DEB34BA6D}.Release|Any CPU.ActiveCfg = Release|Any CPU
		{6E7B8BB3-8DF5-4387-9AFC-9B0DEB34BA6D}.Release|Any CPU.Build.0 = Release|Any CPU
		{45C3D4F2-1E33-472D-B0FC-9C0E80553F9D}.Debug|Any CPU.ActiveCfg = Debug|Any CPU
		{45C3D4F2-1E33-472D-B0FC-9C0E80553F9D}.Debug|Any CPU.Build.0 = Debug|Any CPU
		{45C3D4F2-1E33-472D-B0FC-9C0E80553F9D}.Release|Any CPU.ActiveCfg = Release|Any CPU
		{45C3D4F2-1E33-472D-B0FC-9C0E80553F9D}.Release|Any CPU.Build.0 = Release|Any CPU
		{6683397A-6735-434B-9844-CF8DA0D02B8E}.Debug|Any CPU.ActiveCfg = Debug|Any CPU
		{6683397A-6735-434B-9844-CF8DA0D02B8E}.Debug|Any CPU.Build.0 = Debug|Any CPU
		{6683397A-6735-434B-9844-CF8DA0D02B8E}.Release|Any CPU.ActiveCfg = Release|Any CPU
		{6683397A-6735-434B-9844-CF8DA0D02B8E}.Release|Any CPU.Build.0 = Release|Any CPU
		{82D1C446-1E8C-4B41-9D74-36EB99F9D1D6}.Debug|Any CPU.ActiveCfg = Debug|Any CPU
		{82D1C446-1E8C-4B41-9D74-36EB99F9D1D6}.Debug|Any CPU.Build.0 = Debug|Any CPU
		{82D1C446-1E8C-4B41-9D74-36EB99F9D1D6}.Release|Any CPU.ActiveCfg = Release|Any CPU
		{82D1C446-1E8C-4B41-9D74-36EB99F9D1D6}.Release|Any CPU.Build.0 = Release|Any CPU
	EndGlobalSection
	GlobalSection(SolutionProperties) = preSolution
		HideSolutionNode = FALSE
	EndGlobalSection
	GlobalSection(NestedProjects) = preSolution
		{E67EBBD9-038D-4176-B441-CD1E9C96FA7F} = {527EDA04-175D-4328-A088-9ADF39B2515B}
		{D22B2E4D-108A-4259-A192-490DBAA587B3} = {527EDA04-175D-4328-A088-9ADF39B2515B}
		{6A11DD45-E2C8-42DD-9528-CE78CBE83242} = {D22B2E4D-108A-4259-A192-490DBAA587B3}
		{48760F51-AB82-4ECB-A79B-6D36BC36C2CA} = {B816B74B-BD95-487E-9417-CA54C65C1AE0}
		{EE1AA16D-D332-4C93-AC6D-748434335E75} = {B816B74B-BD95-487E-9417-CA54C65C1AE0}
		{45101100-C167-4605-902F-7BD40DED903F} = {EE1AA16D-D332-4C93-AC6D-748434335E75}
		{044FF275-2A67-4DBB-B8B1-85D0E82BEA60} = {0140E914-8A0C-409F-8E88-BD5CA8E7C759}
		{8F230659-B5A5-48AE-8665-3DF8F9A3D090} = {0140E914-8A0C-409F-8E88-BD5CA8E7C759}
		{2FCA5601-3F41-49B4-B953-CB91DFF85B1C} = {8F230659-B5A5-48AE-8665-3DF8F9A3D090}
		{6E7B8BB3-8DF5-4387-9AFC-9B0DEB34BA6D} = {2F6A153E-438E-4077-A92F-2AA7A6F07A32}
		{2C9A8F95-3780-470B-9356-3AE2A599E9BC} = {2F6A153E-438E-4077-A92F-2AA7A6F07A32}
		{45C3D4F2-1E33-472D-B0FC-9C0E80553F9D} = {2C9A8F95-3780-470B-9356-3AE2A599E9BC}
		{6683397A-6735-434B-9844-CF8DA0D02B8E} = {5E8E7BEE-CC05-4FFD-A569-0103DA85FB9C}
		{BD542683-102D-4883-BDD1-0E153F012464} = {5E8E7BEE-CC05-4FFD-A569-0103DA85FB9C}
		{82D1C446-1E8C-4B41-9D74-36EB99F9D1D6} = {BD542683-102D-4883-BDD1-0E153F012464}
	EndGlobalSection
	GlobalSection(ExtensibilityGlobals) = postSolution
		SolutionGuid = {DE62E8CB-E1FB-4F21-9BA8-9E627D24BF55}
	EndGlobalSection
EndGlobal
